// !$*UTF8*$!
{
	archiveVersion = 1;
	classes = {
	};
	objectVersion = 48;
	objects = {

/* Begin PBXBuildFile section */
		37A715FD205FC9E900B353AA /* AppDelegate.swift in Sources */ = {isa = PBXBuildFile; fileRef = 37A715FC205FC9E900B353AA /* AppDelegate.swift */; };
		37A715FF205FC9E900B353AA /* art.scnassets in Resources */ = {isa = PBXBuildFile; fileRef = 37A715FE205FC9E900B353AA /* art.scnassets */; };
		37A71601205FC9E900B353AA /* ViewController.swift in Sources */ = {isa = PBXBuildFile; fileRef = 37A71600205FC9E900B353AA /* ViewController.swift */; };
		37A71604205FC9E900B353AA /* Main.storyboard in Resources */ = {isa = PBXBuildFile; fileRef = 37A71602205FC9E900B353AA /* Main.storyboard */; };
		37A71606205FC9E900B353AA /* Assets.xcassets in Resources */ = {isa = PBXBuildFile; fileRef = 37A71605205FC9E900B353AA /* Assets.xcassets */; };
		37A71609205FC9E900B353AA /* LaunchScreen.storyboard in Resources */ = {isa = PBXBuildFile; fileRef = 37A71607205FC9E900B353AA /* LaunchScreen.storyboard */; };
		E067235A8F65899E7858DC28 /* Pods_qrCode_arkit.framework in Frameworks */ = {isa = PBXBuildFile; fileRef = 1F8DC2E5D99AF897FF2BC2ED /* Pods_qrCode_arkit.framework */; };
/* End PBXBuildFile section */

/* Begin PBXFileReference section */
		1F8DC2E5D99AF897FF2BC2ED /* Pods_qrCode_arkit.framework */ = {isa = PBXFileReference; explicitFileType = wrapper.framework; includeInIndex = 0; path = Pods_qrCode_arkit.framework; sourceTree = BUILT_PRODUCTS_DIR; };
		37A715F9205FC9E900B353AA /* qrCode-arkit.app */ = {isa = PBXFileReference; explicitFileType = wrapper.application; includeInIndex = 0; path = "qrCode-arkit.app"; sourceTree = BUILT_PRODUCTS_DIR; };
		37A715FC205FC9E900B353AA /* AppDelegate.swift */ = {isa = PBXFileReference; lastKnownFileType = sourcecode.swift; path = AppDelegate.swift; sourceTree = "<group>"; };
		37A715FE205FC9E900B353AA /* art.scnassets */ = {isa = PBXFileReference; lastKnownFileType = wrapper.scnassets; path = art.scnassets; sourceTree = "<group>"; };
		37A71600205FC9E900B353AA /* ViewController.swift */ = {isa = PBXFileReference; lastKnownFileType = sourcecode.swift; path = ViewController.swift; sourceTree = "<group>"; };
		37A71603205FC9E900B353AA /* Base */ = {isa = PBXFileReference; lastKnownFileType = file.storyboard; name = Base; path = Base.lproj/Main.storyboard; sourceTree = "<group>"; };
		37A71605205FC9E900B353AA /* Assets.xcassets */ = {isa = PBXFileReference; lastKnownFileType = folder.assetcatalog; path = Assets.xcassets; sourceTree = "<group>"; };
		37A71608205FC9E900B353AA /* Base */ = {isa = PBXFileReference; lastKnownFileType = file.storyboard; name = Base; path = Base.lproj/LaunchScreen.storyboard; sourceTree = "<group>"; };
		37A7160A205FC9E900B353AA /* Info.plist */ = {isa = PBXFileReference; lastKnownFileType = text.plist.xml; path = Info.plist; sourceTree = "<group>"; };
		45F30E23CAB8629B30EECE11 /* Pods-qrCode-arkit.release.xcconfig */ = {isa = PBXFileReference; includeInIndex = 1; lastKnownFileType = text.xcconfig; name = "Pods-qrCode-arkit.release.xcconfig"; path = "Pods/Target Support Files/Pods-qrCode-arkit/Pods-qrCode-arkit.release.xcconfig"; sourceTree = "<group>"; };
		67B016FEFCEEB18D941AD15D /* Pods-qrCode-arkit.debug.xcconfig */ = {isa = PBXFileReference; includeInIndex = 1; lastKnownFileType = text.xcconfig; name = "Pods-qrCode-arkit.debug.xcconfig"; path = "Pods/Target Support Files/Pods-qrCode-arkit/Pods-qrCode-arkit.debug.xcconfig"; sourceTree = "<group>"; };
/* End PBXFileReference section */

/* Begin PBXFrameworksBuildPhase section */
		37A715F6205FC9E900B353AA /* Frameworks */ = {
			isa = PBXFrameworksBuildPhase;
			buildActionMask = 2147483647;
			files = (
				E067235A8F65899E7858DC28 /* Pods_qrCode_arkit.framework in Frameworks */,
			);
			runOnlyForDeploymentPostprocessing = 0;
		};
/* End PBXFrameworksBuildPhase section */

/* Begin PBXGroup section */
		37A715F0205FC9E900B353AA = {
			isa = PBXGroup;
			children = (
				37A715FB205FC9E900B353AA /* qrCode-arkit */,
				37A715FA205FC9E900B353AA /* Products */,
				57C4A94D9E7E62CE8E1D478F /* Pods */,
				7C6410826742E0573802C8EE /* Frameworks */,
			);
			sourceTree = "<group>";
		};
		37A715FA205FC9E900B353AA /* Products */ = {
			isa = PBXGroup;
			children = (
				37A715F9205FC9E900B353AA /* qrCode-arkit.app */,
			);
			name = Products;
			sourceTree = "<group>";
		};
		37A715FB205FC9E900B353AA /* qrCode-arkit */ = {
			isa = PBXGroup;
			children = (
				37A715FC205FC9E900B353AA /* AppDelegate.swift */,
				37A715FE205FC9E900B353AA /* art.scnassets */,
				37A71600205FC9E900B353AA /* ViewController.swift */,
				37A71602205FC9E900B353AA /* Main.storyboard */,
				37A71605205FC9E900B353AA /* Assets.xcassets */,
				37A71607205FC9E900B353AA /* LaunchScreen.storyboard */,
				37A7160A205FC9E900B353AA /* Info.plist */,
			);
			path = "qrCode-arkit";
			sourceTree = "<group>";
		};
		57C4A94D9E7E62CE8E1D478F /* Pods */ = {
			isa = PBXGroup;
			children = (
				67B016FEFCEEB18D941AD15D /* Pods-qrCode-arkit.debug.xcconfig */,
				45F30E23CAB8629B30EECE11 /* Pods-qrCode-arkit.release.xcconfig */,
			);
			name = Pods;
			sourceTree = "<group>";
		};
		7C6410826742E0573802C8EE /* Frameworks */ = {
			isa = PBXGroup;
			children = (
				1F8DC2E5D99AF897FF2BC2ED /* Pods_qrCode_arkit.framework */,
			);
			name = Frameworks;
			sourceTree = "<group>";
		};
/* End PBXGroup section */

/* Begin PBXNativeTarget section */
		37A715F8205FC9E900B353AA /* qrCode-arkit */ = {
			isa = PBXNativeTarget;
			buildConfigurationList = 37A7160D205FC9E900B353AA /* Build configuration list for PBXNativeTarget "qrCode-arkit" */;
			buildPhases = (
				394B577E44AD2420B7EE880A /* [CP] Check Pods Manifest.lock */,
				37A715F5205FC9E900B353AA /* Sources */,
				37A715F6205FC9E900B353AA /* Frameworks */,
				37A715F7205FC9E900B353AA /* Resources */,
				08FD1D1D42DD36FC11D92725 /* [CP] Embed Pods Frameworks */,
				E35E3757717E57DBCBB2B26E /* [CP] Copy Pods Resources */,
			);
			buildRules = (
			);
			dependencies = (
			);
			name = "qrCode-arkit";
			productName = "qrCode-arkit";
			productReference = 37A715F9205FC9E900B353AA /* qrCode-arkit.app */;
			productType = "com.apple.product-type.application";
		};
/* End PBXNativeTarget section */

/* Begin PBXProject section */
		37A715F1205FC9E900B353AA /* Project object */ = {
			isa = PBXProject;
			attributes = {
				LastSwiftUpdateCheck = 0920;
				LastUpgradeCheck = 0920;
				ORGANIZATIONNAME = "Michael Loukeris";
				TargetAttributes = {
					37A715F8205FC9E900B353AA = {
						CreatedOnToolsVersion = 9.2;
						ProvisioningStyle = Automatic;
					};
				};
			};
			buildConfigurationList = 37A715F4205FC9E900B353AA /* Build configuration list for PBXProject "qrCode-arkit" */;
			compatibilityVersion = "Xcode 8.0";
			developmentRegion = en;
			hasScannedForEncodings = 0;
			knownRegions = (
				en,
				Base,
			);
			mainGroup = 37A715F0205FC9E900B353AA;
			productRefGroup = 37A715FA205FC9E900B353AA /* Products */;
			projectDirPath = "";
			projectRoot = "";
			targets = (
				37A715F8205FC9E900B353AA /* qrCode-arkit */,
			);
		};
/* End PBXProject section */

/* Begin PBXResourcesBuildPhase section */
		37A715F7205FC9E900B353AA /* Resources */ = {
			isa = PBXResourcesBuildPhase;
			buildActionMask = 2147483647;
			files = (
				37A715FF205FC9E900B353AA /* art.scnassets in Resources */,
				37A71609205FC9E900B353AA /* LaunchScreen.storyboard in Resources */,
				37A71606205FC9E900B353AA /* Assets.xcassets in Resources */,
				37A71604205FC9E900B353AA /* Main.storyboard in Resources */,
			);
			runOnlyForDeploymentPostprocessing = 0;
		};
/* End PBXResourcesBuildPhase section */

/* Begin PBXShellScriptBuildPhase section */
		08FD1D1D42DD36FC11D92725 /* [CP] Embed Pods Frameworks */ = {
			isa = PBXShellScriptBuildPhase;
			buildActionMask = 2147483647;
			files = (
			);
			inputPaths = (
				"${SRCROOT}/Pods/Target Support Files/Pods-qrCode-arkit/Pods-qrCode-arkit-frameworks.sh",
				"${BUILT_PRODUCTS_DIR}/Alamofire/Alamofire.framework",
				"${BUILT_PRODUCTS_DIR}/SwiftyJSON/SwiftyJSON.framework",
			);
			name = "[CP] Embed Pods Frameworks";
			outputPaths = (
				"${TARGET_BUILD_DIR}/${FRAMEWORKS_FOLDER_PATH}/Alamofire.framework",
				"${TARGET_BUILD_DIR}/${FRAMEWORKS_FOLDER_PATH}/SwiftyJSON.framework",
			);
			runOnlyForDeploymentPostprocessing = 0;
			shellPath = /bin/sh;
			shellScript = "\"${SRCROOT}/Pods/Target Support Files/Pods-qrCode-arkit/Pods-qrCode-arkit-frameworks.sh\"\n";
			showEnvVarsInLog = 0;
		};
		394B577E44AD2420B7EE880A /* [CP] Check Pods Manifest.lock */ = {
			isa = PBXShellScriptBuildPhase;
			buildActionMask = 2147483647;
			files = (
			);
			inputPaths = (
				"${PODS_PODFILE_DIR_PATH}/Podfile.lock",
				"${PODS_ROOT}/Manifest.lock",
			);
			name = "[CP] Check Pods Manifest.lock";
			outputPaths = (
				"$(DERIVED_FILE_DIR)/Pods-qrCode-arkit-checkManifestLockResult.txt",
			);
			runOnlyForDeploymentPostprocessing = 0;
			shellPath = /bin/sh;
			shellScript = "diff \"${PODS_PODFILE_DIR_PATH}/Podfile.lock\" \"${PODS_ROOT}/Manifest.lock\" > /dev/null\nif [ $? != 0 ] ; then\n    # print error to STDERR\n    echo \"error: The sandbox is not in sync with the Podfile.lock. Run 'pod install' or update your CocoaPods installation.\" >&2\n    exit 1\nfi\n# This output is used by Xcode 'outputs' to avoid re-running this script phase.\necho \"SUCCESS\" > \"${SCRIPT_OUTPUT_FILE_0}\"\n";
			showEnvVarsInLog = 0;
		};
		E35E3757717E57DBCBB2B26E /* [CP] Copy Pods Resources */ = {
			isa = PBXShellScriptBuildPhase;
			buildActionMask = 2147483647;
			files = (
			);
			inputPaths = (
			);
			name = "[CP] Copy Pods Resources";
			outputPaths = (
			);
			runOnlyForDeploymentPostprocessing = 0;
			shellPath = /bin/sh;
			shellScript = "\"${SRCROOT}/Pods/Target Support Files/Pods-qrCode-arkit/Pods-qrCode-arkit-resources.sh\"\n";
			showEnvVarsInLog = 0;
		};
/* End PBXShellScriptBuildPhase section */

/* Begin PBXSourcesBuildPhase section */
		37A715F5205FC9E900B353AA /* Sources */ = {
			isa = PBXSourcesBuildPhase;
			buildActionMask = 2147483647;
			files = (
				37A71601205FC9E900B353AA /* ViewController.swift in Sources */,
				37A715FD205FC9E900B353AA /* AppDelegate.swift in Sources */,
			);
			runOnlyForDeploymentPostprocessing = 0;
		};
/* End PBXSourcesBuildPhase section */

/* Begin PBXVariantGroup section */
		37A71602205FC9E900B353AA /* Main.storyboard */ = {
			isa = PBXVariantGroup;
			children = (
				37A71603205FC9E900B353AA /* Base */,
			);
			name = Main.storyboard;
			sourceTree = "<group>";
		};
		37A71607205FC9E900B353AA /* LaunchScreen.storyboard */ = {
			isa = PBXVariantGroup;
			children = (
				37A71608205FC9E900B353AA /* Base */,
			);
			name = LaunchScreen.storyboard;
			sourceTree = "<group>";
		};
/* End PBXVariantGroup section */

/* Begin XCBuildConfiguration section */
		37A7160B205FC9E900B353AA /* Debug */ = {
			isa = XCBuildConfiguration;
			buildSettings = {
				ALWAYS_SEARCH_USER_PATHS = NO;
				CLANG_ANALYZER_NONNULL = YES;
				CLANG_ANALYZER_NUMBER_OBJECT_CONVERSION = YES_AGGRESSIVE;
				CLANG_CXX_LANGUAGE_STANDARD = "gnu++14";
				CLANG_CXX_LIBRARY = "libc++";
				CLANG_ENABLE_MODULES = YES;
				CLANG_ENABLE_OBJC_ARC = YES;
				CLANG_WARN_BLOCK_CAPTURE_AUTORELEASING = YES;
				CLANG_WARN_BOOL_CONVERSION = YES;
				CLANG_WARN_COMMA = YES;
				CLANG_WARN_CONSTANT_CONVERSION = YES;
				CLANG_WARN_DIRECT_OBJC_ISA_USAGE = YES_ERROR;
				CLANG_WARN_DOCUMENTATION_COMMENTS = YES;
				CLANG_WARN_EMPTY_BODY = YES;
				CLANG_WARN_ENUM_CONVERSION = YES;
				CLANG_WARN_INFINITE_RECURSION = YES;
				CLANG_WARN_INT_CONVERSION = YES;
				CLANG_WARN_NON_LITERAL_NULL_CONVERSION = YES;
				CLANG_WARN_OBJC_LITERAL_CONVERSION = YES;
				CLANG_WARN_OBJC_ROOT_CLASS = YES_ERROR;
				CLANG_WARN_RANGE_LOOP_ANALYSIS = YES;
				CLANG_WARN_STRICT_PROTOTYPES = YES;
				CLANG_WARN_SUSPICIOUS_MOVE = YES;
				CLANG_WARN_UNGUARDED_AVAILABILITY = YES_AGGRESSIVE;
				CLANG_WARN_UNREACHABLE_CODE = YES;
				CLANG_WARN__DUPLICATE_METHOD_MATCH = YES;
				CODE_SIGN_IDENTITY = "iPhone Developer";
				COPY_PHASE_STRIP = NO;
				DEBUG_INFORMATION_FORMAT = dwarf;
				ENABLE_STRICT_OBJC_MSGSEND = YES;
				ENABLE_TESTABILITY = YES;
				GCC_C_LANGUAGE_STANDARD = gnu11;
				GCC_DYNAMIC_NO_PIC = NO;
				GCC_NO_COMMON_BLOCKS = YES;
				GCC_OPTIMIZATION_LEVEL = 0;
				GCC_PREPROCESSOR_DEFINITIONS = (
					"DEBUG=1",
					"$(inherited)",
				);
				GCC_WARN_64_TO_32_BIT_CONVERSION = YES;
				GCC_WARN_ABOUT_RETURN_TYPE = YES_ERROR;
				GCC_WARN_UNDECLARED_SELECTOR = YES;
				GCC_WARN_UNINITIALIZED_AUTOS = YES_AGGRESSIVE;
				GCC_WARN_UNUSED_FUNCTION = YES;
				GCC_WARN_UNUSED_VARIABLE = YES;
				IPHONEOS_DEPLOYMENT_TARGET = 11.2;
				MTL_ENABLE_DEBUG_INFO = YES;
				ONLY_ACTIVE_ARCH = YES;
				SDKROOT = iphoneos;
				SWIFT_ACTIVE_COMPILATION_CONDITIONS = DEBUG;
				SWIFT_OPTIMIZATION_LEVEL = "-Onone";
			};
			name = Debug;
		};
		37A7160C205FC9E900B353AA /* Release */ = {
			isa = XCBuildConfiguration;
			buildSettings = {
				ALWAYS_SEARCH_USER_PATHS = NO;
				CLANG_ANALYZER_NONNULL = YES;
				CLANG_ANALYZER_NUMBER_OBJECT_CONVERSION = YES_AGGRESSIVE;
				CLANG_CXX_LANGUAGE_STANDARD = "gnu++14";
				CLANG_CXX_LIBRARY = "libc++";
				CLANG_ENABLE_MODULES = YES;
				CLANG_ENABLE_OBJC_ARC = YES;
				CLANG_WARN_BLOCK_CAPTURE_AUTORELEASING = YES;
				CLANG_WARN_BOOL_CONVERSION = YES;
				CLANG_WARN_COMMA = YES;
				CLANG_WARN_CONSTANT_CONVERSION = YES;
				CLANG_WARN_DIRECT_OBJC_ISA_USAGE = YES_ERROR;
				CLANG_WARN_DOCUMENTATION_COMMENTS = YES;
				CLANG_WARN_EMPTY_BODY = YES;
				CLANG_WARN_ENUM_CONVERSION = YES;
				CLANG_WARN_INFINITE_RECURSION = YES;
				CLANG_WARN_INT_CONVERSION = YES;
				CLANG_WARN_NON_LITERAL_NULL_CONVERSION = YES;
				CLANG_WARN_OBJC_LITERAL_CONVERSION = YES;
				CLANG_WARN_OBJC_ROOT_CLASS = YES_ERROR;
				CLANG_WARN_RANGE_LOOP_ANALYSIS = YES;
				CLANG_WARN_STRICT_PROTOTYPES = YES;
				CLANG_WARN_SUSPICIOUS_MOVE = YES;
				CLANG_WARN_UNGUARDED_AVAILABILITY = YES_AGGRESSIVE;
				CLANG_WARN_UNREACHABLE_CODE = YES;
				CLANG_WARN__DUPLICATE_METHOD_MATCH = YES;
				CODE_SIGN_IDENTITY = "iPhone Developer";
				COPY_PHASE_STRIP = NO;
				DEBUG_INFORMATION_FORMAT = "dwarf-with-dsym";
				ENABLE_NS_ASSERTIONS = NO;
				ENABLE_STRICT_OBJC_MSGSEND = YES;
				GCC_C_LANGUAGE_STANDARD = gnu11;
				GCC_NO_COMMON_BLOCKS = YES;
				GCC_WARN_64_TO_32_BIT_CONVERSION = YES;
				GCC_WARN_ABOUT_RETURN_TYPE = YES_ERROR;
				GCC_WARN_UNDECLARED_SELECTOR = YES;
				GCC_WARN_UNINITIALIZED_AUTOS = YES_AGGRESSIVE;
				GCC_WARN_UNUSED_FUNCTION = YES;
				GCC_WARN_UNUSED_VARIABLE = YES;
				IPHONEOS_DEPLOYMENT_TARGET = 11.2;
				MTL_ENABLE_DEBUG_INFO = NO;
				SDKROOT = iphoneos;
				SWIFT_OPTIMIZATION_LEVEL = "-Owholemodule";
				VALIDATE_PRODUCT = YES;
			};
			name = Release;
		};
		37A7160E205FC9E900B353AA /* Debug */ = {
			isa = XCBuildConfiguration;
			baseConfigurationReference = 67B016FEFCEEB18D941AD15D /* Pods-qrCode-arkit.debug.xcconfig */;
			buildSettings = {
				ASSETCATALOG_COMPILER_APPICON_NAME = AppIcon;
				CODE_SIGN_STYLE = Automatic;
				DEVELOPMENT_TEAM = 32YWB4C3YV;
				INFOPLIST_FILE = "qrCode-arkit/Info.plist";
				LD_RUNPATH_SEARCH_PATHS = "$(inherited) @executable_path/Frameworks";
				PRODUCT_BUNDLE_IDENTIFIER = "gr.intellia.qrCode-arkit";
				PRODUCT_NAME = "$(TARGET_NAME)";
				SWIFT_VERSION = 4.0;
				TARGETED_DEVICE_FAMILY = "1,2";
			};
			name = Debug;
		};
		37A7160F205FC9E900B353AA /* Release */ = {
			isa = XCBuildConfiguration;
			baseConfigurationReference = 45F30E23CAB8629B30EECE11 /* Pods-qrCode-arkit.release.xcconfig */;
			buildSettings = {
				ASSETCATALOG_COMPILER_APPICON_NAME = AppIcon;
				CODE_SIGN_STYLE = Automatic;
				DEVELOPMENT_TEAM = 32YWB4C3YV;
				INFOPLIST_FILE = "qrCode-arkit/Info.plist";
				LD_RUNPATH_SEARCH_PATHS = "$(inherited) @executable_path/Frameworks";
				PRODUCT_BUNDLE_IDENTIFIER = "gr.intellia.qrCode-arkit";
				PRODUCT_NAME = "$(TARGET_NAME)";
				SWIFT_VERSION = 4.0;
				TARGETED_DEVICE_FAMILY = "1,2";
			};
			name = Release;
		};
/* End XCBuildConfiguration section */

/* Begin XCConfigurationList section */
		37A715F4205FC9E900B353AA /* Build configuration list for PBXProject "qrCode-arkit" */ = {
			isa = XCConfigurationList;
			buildConfigurations = (
				37A7160B205FC9E900B353AA /* Debug */,
				37A7160C205FC9E900B353AA /* Release */,
			);
			defaultConfigurationIsVisible = 0;
			defaultConfigurationName = Release;
		};
		37A7160D205FC9E900B353AA /* Build configuration list for PBXNativeTarget "qrCode-arkit" */ = {
			isa = XCConfigurationList;
			buildConfigurations = (
				37A7160E205FC9E900B353AA /* Debug */,
				37A7160F205FC9E900B353AA /* Release */,
			);
			defaultConfigurationIsVisible = 0;
			defaultConfigurationName = Release;
		};
/* End XCConfigurationList section */
	};
	rootObject = 37A715F1205FC9E900B353AA /* Project object */;
}
